
Microsoft Visual Studio Solution File, Format Version 12.00
# Visual Studio Version 16
VisualStudioVersion = 16.0.33130.400
MinimumVisualStudioVersion = 10.0.40219.1
Project("{FAE04EC0-301F-11D3-BF4B-00C04F79EFBC}") = "EStoreWeb", "EStoreWeb\EStoreWeb.csproj", "{A10BDA2A-F69F-487E-A34D-7CF2EB72A9AD}"
EndProject
Global
	GlobalSection(SolutionConfigurationPlatforms) = preSolution
		Debug|Any CPU = Debug|Any CPU
		Release|Any CPU = Release|Any CPU
	EndGlobalSection
	GlobalSection(ProjectConfigurationPlatforms) = postSolution
		{A10BDA2A-F69F-487E-A34D-7CF2EB72A9AD}.Debug|Any CPU.ActiveCfg = Debug|Any CPU
		{A10BDA2A-F69F-487E-A34D-7CF2EB72A9AD}.Debug|Any CPU.Build.0 = Debug|Any CPU
		{A10BDA2A-F69F-487E-A34D-7CF2EB72A9AD}.Release|Any CPU.ActiveCfg = Release|Any CPU
		{A10BDA2A-F69F-487E-A34D-7CF2EB72A9AD}.Release|Any CPU.Build.0 = Release|Any CPU
	EndGlobalSection
	GlobalSection(SolutionProperties) = preSolution
		HideSolutionNode = FALSE
	EndGlobalSection
	GlobalSection(ExtensibilityGlobals) = postSolution
		SolutionGuid = {1B28BC6D-A96E-4F01-B17C-BCCAB0FC6F89}
	EndGlobalSection
EndGlobal
